
Microsoft Visual Studio Solution File, Format Version 12.00
# Visual Studio Version 16
VisualStudioVersion = 16.0.29306.81
MinimumVisualStudioVersion = 10.0.40219.1
Project("{FAE04EC0-301F-11D3-BF4B-00C04F79EFBC}") = "Lab_5", "Lab_5\Lab_5.csproj", "{68DB533C-1FC6-4F6A-93E6-325EA4038AB7}"
EndProject
Global
	GlobalSection(SolutionConfigurationPlatforms) = preSolution
		Debug|Any CPU = Debug|Any CPU
		Release|Any CPU = Release|Any CPU
	EndGlobalSection
	GlobalSection(ProjectConfigurationPlatforms) = postSolution
		{68DB533C-1FC6-4F6A-93E6-325EA4038AB7}.Debug|Any CPU.ActiveCfg = Debug|Any CPU
		{68DB533C-1FC6-4F6A-93E6-325EA4038AB7}.Debug|Any CPU.Build.0 = Debug|Any CPU
		{68DB533C-1FC6-4F6A-93E6-325EA4038AB7}.Release|Any CPU.ActiveCfg = Release|Any CPU
		{68DB533C-1FC6-4F6A-93E6-325EA4038AB7}.Release|Any CPU.Build.0 = Release|Any CPU
	EndGlobalSection
	GlobalSection(SolutionProperties) = preSolution
		HideSolutionNode = FALSE
	EndGlobalSection
	GlobalSection(ExtensibilityGlobals) = postSolution
		SolutionGuid = {08852789-3F98-49A7-956C-78CC90351F38}
	EndGlobalSection
EndGlobal
