
Microsoft Visual Studio Solution File, Format Version 12.00
# Visual Studio Version 16
VisualStudioVersion = 16.0.29306.81
MinimumVisualStudioVersion = 10.0.40219.1
Project("{9A19103F-16F7-4668-BE54-9A1E7A4F7556}") = "Lab_4", "Lab_4\Lab_4.csproj", "{FAE6F444-83EC-4584-B8F2-9661696149CA}"
EndProject
Project("{9A19103F-16F7-4668-BE54-9A1E7A4F7556}") = "The Greatest", "The Greatest\The Greatest.csproj", "{E0FEAD3E-8628-42DA-AE32-172388E63ED9}"
EndProject
Project("{9A19103F-16F7-4668-BE54-9A1E7A4F7556}") = "Multiplicity", "Multiplicity\Multiplicity.csproj", "{2044BF5A-2D6F-4923-B162-3C6B42A7EFBE}"
EndProject
Project("{FAE04EC0-301F-11D3-BF4B-00C04F79EFBC}") = "TriangleSides", "TriangleSides\TriangleSides.csproj", "{A70BCBAA-9E3A-4EA2-840C-F1BC49102B09}"
EndProject
Project("{FAE04EC0-301F-11D3-BF4B-00C04F79EFBC}") = "YearTime", "Weekdays\YearTime.csproj", "{14E6909E-280F-448A-A847-D8AA7519975E}"
EndProject
Global
	GlobalSection(SolutionConfigurationPlatforms) = preSolution
		Debug|Any CPU = Debug|Any CPU
		Release|Any CPU = Release|Any CPU
	EndGlobalSection
	GlobalSection(ProjectConfigurationPlatforms) = postSolution
		{FAE6F444-83EC-4584-B8F2-9661696149CA}.Debug|Any CPU.ActiveCfg = Debug|Any CPU
		{FAE6F444-83EC-4584-B8F2-9661696149CA}.Debug|Any CPU.Build.0 = Debug|Any CPU
		{FAE6F444-83EC-4584-B8F2-9661696149CA}.Release|Any CPU.ActiveCfg = Release|Any CPU
		{FAE6F444-83EC-4584-B8F2-9661696149CA}.Release|Any CPU.Build.0 = Release|Any CPU
		{E0FEAD3E-8628-42DA-AE32-172388E63ED9}.Debug|Any CPU.ActiveCfg = Debug|Any CPU
		{E0FEAD3E-8628-42DA-AE32-172388E63ED9}.Debug|Any CPU.Build.0 = Debug|Any CPU
		{E0FEAD3E-8628-42DA-AE32-172388E63ED9}.Release|Any CPU.ActiveCfg = Release|Any CPU
		{E0FEAD3E-8628-42DA-AE32-172388E63ED9}.Release|Any CPU.Build.0 = Release|Any CPU
		{2044BF5A-2D6F-4923-B162-3C6B42A7EFBE}.Debug|Any CPU.ActiveCfg = Debug|Any CPU
		{2044BF5A-2D6F-4923-B162-3C6B42A7EFBE}.Debug|Any CPU.Build.0 = Debug|Any CPU
		{2044BF5A-2D6F-4923-B162-3C6B42A7EFBE}.Release|Any CPU.ActiveCfg = Release|Any CPU
		{2044BF5A-2D6F-4923-B162-3C6B42A7EFBE}.Release|Any CPU.Build.0 = Release|Any CPU
		{A70BCBAA-9E3A-4EA2-840C-F1BC49102B09}.Debug|Any CPU.ActiveCfg = Debug|Any CPU
		{A70BCBAA-9E3A-4EA2-840C-F1BC49102B09}.Debug|Any CPU.Build.0 = Debug|Any CPU
		{A70BCBAA-9E3A-4EA2-840C-F1BC49102B09}.Release|Any CPU.ActiveCfg = Release|Any CPU
		{A70BCBAA-9E3A-4EA2-840C-F1BC49102B09}.Release|Any CPU.Build.0 = Release|Any CPU
		{14E6909E-280F-448A-A847-D8AA7519975E}.Debug|Any CPU.ActiveCfg = Debug|Any CPU
		{14E6909E-280F-448A-A847-D8AA7519975E}.Debug|Any CPU.Build.0 = Debug|Any CPU
		{14E6909E-280F-448A-A847-D8AA7519975E}.Release|Any CPU.ActiveCfg = Release|Any CPU
		{14E6909E-280F-448A-A847-D8AA7519975E}.Release|Any CPU.Build.0 = Release|Any CPU
	EndGlobalSection
	GlobalSection(SolutionProperties) = preSolution
		HideSolutionNode = FALSE
	EndGlobalSection
	GlobalSection(ExtensibilityGlobals) = postSolution
		SolutionGuid = {324398ED-D3B7-4439-A145-4E22D630183A}
	EndGlobalSection
EndGlobal
